
Microsoft Visual Studio Solution File, Format Version 12.00
# Visual Studio 15
VisualStudioVersion = 15.0.27130.2026
MinimumVisualStudioVersion = 10.0.40219.1
Project("{2150E333-8FDC-42A3-9474-1A3956D46DE8}") = "src", "src", "{612F313E-93E1-47CE-B379-A48CCDA1CD1A}"
EndProject
Project("{2150E333-8FDC-42A3-9474-1A3956D46DE8}") = "build", "build", "{732D33CA-BB05-41F7-8517-4D838AE1BA3C}"
	ProjectSection(SolutionItems) = preProject
		build\build.ps1 = build\build.ps1
		build\deploy.ps1 = build\deploy.ps1
		build\ngserve.ps1 = build\ngserve.ps1
		build\run.ps1 = build\run.ps1
		build\stop.ps1 = build\stop.ps1
		build\test.ps1 = build\test.ps1
	EndProjectSection
EndProject
Project("{2150E333-8FDC-42A3-9474-1A3956D46DE8}") = "test", "test", "{7F1E2E52-F101-4E51-B707-B833323895ED}"
EndProject
Project("{9A19103F-16F7-4668-BE54-9A1E7A4F7556}") = "Callisto.Module.Authentication", "src\Callisto.Module.Authentication\Callisto.Module.Authentication.csproj", "{C700194A-3CDB-49A6-809E-AE163B2535BB}"
EndProject
Project("{9A19103F-16F7-4668-BE54-9A1E7A4F7556}") = "Callisto.Module.Notification", "src\Callisto.Module.Notification\Callisto.Module.Notification.csproj", "{18EF8D6F-6BCD-4544-A1B0-72BCAC9396D5}"
EndProject
Project("{2150E333-8FDC-42A3-9474-1A3956D46DE8}") = "docker", "docker", "{DB6DF6C1-8B4F-4724-A0F5-3596A8907DD1}"
EndProject
Project("{2150E333-8FDC-42A3-9474-1A3956D46DE8}") = "nginx", "nginx", "{79213B24-96E3-4418-8156-084EB2C26CEA}"
	ProjectSection(SolutionItems) = preProject
		docker\nginx\dockerfile = docker\nginx\dockerfile
		docker\nginx\nginx.conf = docker\nginx\nginx.conf
	EndProjectSection
EndProject
Project("{9A19103F-16F7-4668-BE54-9A1E7A4F7556}") = "Callisto.Web.Landing", "src\Callisto.Web.Landing\Callisto.Web.Landing.csproj", "{B6A70F8D-C31A-4F5A-B000-9083600FD585}"
EndProject
Project("{2150E333-8FDC-42A3-9474-1A3956D46DE8}") = "solution", "solution", "{144CB443-813C-4B48-A3F2-DB3C537A3DD8}"
	ProjectSection(SolutionItems) = preProject
		.dockerignore = .dockerignore
		.gitignore = .gitignore
		docker-compose.azure.yml = docker-compose.azure.yml
		docker-compose.override.yml = docker-compose.override.yml
		docker-compose.yml = docker-compose.yml
		README.md = README.md
	EndProjectSection
EndProject
Project("{9A19103F-16F7-4668-BE54-9A1E7A4F7556}") = "Callisto.Web.Api", "src\Callisto.Web.Api\Callisto.Web.Api.csproj", "{6CF55A69-2D52-4E58-AAC1-84EC629D5342}"
EndProject
Project("{9A19103F-16F7-4668-BE54-9A1E7A4F7556}") = "Callisto.Web.App", "src\Callisto.Web.App\Callisto.Web.App.csproj", "{8F57DD66-FDBA-4BEC-8EA9-9503BA59679B}"
EndProject
Project("{2150E333-8FDC-42A3-9474-1A3956D46DE8}") = "sql", "sql", "{9BE0DB29-174C-407B-84CB-FDF0648368FE}"
	ProjectSection(SolutionItems) = preProject
		docker\sql\dockerfile = docker\sql\dockerfile
		docker\sql\setup.sql = docker\sql\setup.sql
	EndProjectSection
EndProject
Project("{2150E333-8FDC-42A3-9474-1A3956D46DE8}") = "rabbitmq", "rabbitmq", "{CE4D0320-1A14-4C76-A885-17347F3D21DC}"
	ProjectSection(SolutionItems) = preProject
		docker\rabbitmq\dockerfile = docker\rabbitmq\dockerfile
		docker\rabbitmq\rabbitmq.config = docker\rabbitmq\rabbitmq.config
	EndProjectSection
EndProject
Project("{00D1A9C2-B5F0-4AF3-8072-F6C62B433612}") = "Callisto.Database", "src\Callisto.Database\Callisto.Database.sqlproj", "{177DF827-8F6F-4DEB-99ED-BFECB889BAC5}"
EndProject
Project("{2150E333-8FDC-42A3-9474-1A3956D46DE8}") = "shared", "shared", "{53A8776E-3910-4434-B7C4-4A6967A99F08}"
EndProject
Project("{2150E333-8FDC-42A3-9474-1A3956D46DE8}") = "modules", "modules", "{7B018937-BAF3-4CB3-A1B2-CDE63C59F7D2}"
EndProject
Project("{9A19103F-16F7-4668-BE54-9A1E7A4F7556}") = "Callisto.SharedKernel", "src\Callisto.SharedKernel\Callisto.SharedKernel.csproj", "{012A2DDA-CECA-40AE-898E-3BCEB919EF63}"
EndProject
Project("{2150E333-8FDC-42A3-9474-1A3956D46DE8}") = "session", "session", "{B163B4D0-DD97-485B-A9B9-EDBD8C8C0F1E}"
EndProject
Project("{9A19103F-16F7-4668-BE54-9A1E7A4F7556}") = "Callisto.Session.Provider", "src\Callisto.Session.Provider\Callisto.Session.Provider.csproj", "{195DE404-86B5-4C2E-8347-FD395B50BF59}"
EndProject
Project("{9A19103F-16F7-4668-BE54-9A1E7A4F7556}") = "Callisto.SharedModels", "src\Callisto.SharedModels\Callisto.SharedModels.csproj", "{D9672CF0-7822-4395-AE4F-5F2BFB755B0F}"
EndProject
Project("{2150E333-8FDC-42A3-9474-1A3956D46DE8}") = "core", "core", "{999E5DE8-CBD6-4DC5-A977-DC2DFCC2780F}"
EndProject
Project("{2150E333-8FDC-42A3-9474-1A3956D46DE8}") = "prometheus", "prometheus", "{A4041820-19D0-444E-B788-B3B3B807D779}"
	ProjectSection(SolutionItems) = preProject
		docker\prometheus\dockerfile = docker\prometheus\dockerfile
		docker\prometheus\prometheus.yml = docker\prometheus\prometheus.yml
	EndProjectSection
EndProject
Project("{2150E333-8FDC-42A3-9474-1A3956D46DE8}") = "grafana", "grafana", "{85D5A851-327C-4E27-80AA-0A8AEA6012A2}"
	ProjectSection(SolutionItems) = preProject
		docker\grafana\api.json = docker\grafana\api.json
		docker\grafana\api.yaml = docker\grafana\api.yaml
		docker\grafana\dockerfile = docker\grafana\dockerfile
		docker\grafana\prometheus.yaml = docker\grafana\prometheus.yaml
	EndProjectSection
EndProject
Project("{9A19103F-16F7-4668-BE54-9A1E7A4F7556}") = "Callisto.Core.Metrics", "src\Callisto.Core.Metrics\Callisto.Core.Metrics.csproj", "{E3EAA41B-0DD3-47ED-A036-F9F0A000289D}"
EndProject
Project("{9A19103F-16F7-4668-BE54-9A1E7A4F7556}") = "Callisto.Module.Assets", "src\Callisto.Module.Asset\Callisto.Module.Assets.csproj", "{58473C32-A737-4206-AFE5-7FD60C543264}"
EndProject
Project("{9A19103F-16F7-4668-BE54-9A1E7A4F7556}") = "Callisto.Core.Storage", "src\Callisto.Core.Storage\Callisto.Core.Storage.csproj", "{870913CF-38AD-4616-B4D4-B0FA7CFD0E8F}"
EndProject
Project("{2150E333-8FDC-42A3-9474-1A3956D46DE8}") = "storage", "storage", "{1445759F-F6A9-405A-8BC7-0611EA9B430F}"
EndProject
Project("{9A19103F-16F7-4668-BE54-9A1E7A4F7556}") = "Callisto.Module.Locations", "src\Callisto.Module.Location\Callisto.Module.Locations.csproj", "{237C00C5-0BF1-4387-AC8F-94278E866A7B}"
EndProject
Project("{2150E333-8FDC-42A3-9474-1A3956D46DE8}") = "base", "base", "{F9C19E94-E52D-480B-B812-EA417A3F8D34}"
EndProject
Project("{9A19103F-16F7-4668-BE54-9A1E7A4F7556}") = "Callisto.Module.Member", "src\Callisto.Module.Staff\Callisto.Module.Member.csproj", "{73AFBA16-ADF6-49E0-8BDD-5AE12A8A1925}"
EndProject
Project("{2150E333-8FDC-42A3-9474-1A3956D46DE8}") = "database", "database", "{A2D8E6E7-4F6A-4A1C-A4F9-1096F7083EEE}"
EndProject
Project("{9A19103F-16F7-4668-BE54-9A1E7A4F7556}") = "Callisto.Core.Messaging", "src\Callisto.Core.Messaging\Callisto.Core.Messaging.csproj", "{1FCC10C7-967A-4A5D-87B2-9E2A31E64D05}"
EndProject
Project("{2150E333-8FDC-42A3-9474-1A3956D46DE8}") = "fluentd", "fluentd", "{2F5A1995-89EF-444C-809C-7F6F754827C9}"
EndProject
Project("{2150E333-8FDC-42A3-9474-1A3956D46DE8}") = "kibana", "kibana", "{33542560-9078-4579-9EE7-29EA9DE72396}"
EndProject
Project("{2150E333-8FDC-42A3-9474-1A3956D46DE8}") = "elascticsearch", "elascticsearch", "{ED6D02C1-32C1-49CD-BE01-F94FE852A571}"
EndProject
Project("{9A19103F-16F7-4668-BE54-9A1E7A4F7556}") = "Callisto.Worker.Service", "src\Callisto.Worker.Service\Callisto.Worker.Service.csproj", "{DDD42620-6C6D-49FB-BB4C-4E2AD5E8699B}"
EndProject
Project("{2150E333-8FDC-42A3-9474-1A3956D46DE8}") = "redis", "redis", "{7C33DDD0-B455-42C1-B044-9999D1278B58}"
EndProject
Project("{9A19103F-16F7-4668-BE54-9A1E7A4F7556}") = "Callisto.Module.Vendor", "src\Callisto.Module.Vendor\Callisto.Module.Vendor.csproj", "{5429B817-9CD5-4AFF-8804-867D56A22039}"
EndProject
Project("{9A19103F-16F7-4668-BE54-9A1E7A4F7556}") = "Callisto.Module.Customer", "src\Callisto.Module.Customer\Callisto.Module.Customer.csproj", "{E5263FCC-0DDA-4251-BAE1-6A92AB66FEE6}"
EndProject
Project("{9A19103F-16F7-4668-BE54-9A1E7A4F7556}") = "Callisto.Module.Tag", "src\Callisto.Module.Tag\Callisto.Module.Tag.csproj", "{BBD27A57-E2F9-42C7-9397-AF92FD293A5B}"
EndProject
Project("{9A19103F-16F7-4668-BE54-9A1E7A4F7556}") = "Callisto.Base.Person", "src\Callisto.Base.Person\Callisto.Base.Person.csproj", "{67238C85-E2E8-465C-9770-2DD86503F43E}"
EndProject
Project("{9A19103F-16F7-4668-BE54-9A1E7A4F7556}") = "Callisto.Authentication.Tests", "test\Callisto.Authentication.Tests\Callisto.Authentication.Tests.csproj", "{DC2493E6-539B-42E6-9576-92A9A475C269}"
EndProject
Project("{9A19103F-16F7-4668-BE54-9A1E7A4F7556}") = "Callisto.WebApi.Tests", "test\Callisto.WebApi.Tests\Callisto.WebApi.Tests.csproj", "{B2CA00E1-E358-4818-9D22-48D2205F6BD2}"
EndProject
Project("{2150E333-8FDC-42A3-9474-1A3956D46DE8}") = "fixtures", "fixtures", "{A63556CB-C9A4-4434-BC2E-087FCE277749}"
EndProject
Project("{9A19103F-16F7-4668-BE54-9A1E7A4F7556}") = "Callisto.Test.Fixtures", "test\Callisto.Test.Fixtures\Callisto.Test.Fixtures.csproj", "{3D2ACEB7-9721-4E56-BC20-FC916EE51A27}"
EndProject
Project("{9A19103F-16F7-4668-BE54-9A1E7A4F7556}") = "Callisto.Assets.Tests", "test\Callisto.Assets.Tests\Callisto.Assets.Tests.csproj", "{7280410F-1055-4328-A0D7-4B85EB8DA508}"
EndProject
Project("{9A19103F-16F7-4668-BE54-9A1E7A4F7556}") = "Callisto.Locations.Tests", "test\Callisto.Locations.Tests\Callisto.Locations.Tests.csproj", "{14157B81-07A4-411E-8550-DEDF18026931}"
EndProject
Project("{9A19103F-16F7-4668-BE54-9A1E7A4F7556}") = "Callisto.Notifications.Tests", "test\Callisto.Notifications.Tests\Callisto.Notifications.Tests.csproj", "{4243F140-66ED-43E9-8D68-11926F9CC03B}"
EndProject
Project("{9A19103F-16F7-4668-BE54-9A1E7A4F7556}") = "Callisto.Storage.Tests", "test\Callisto.Storage.Tests\Callisto.Storage.Tests.csproj", "{8619BF5C-8382-4135-80D2-7C2494638F4A}"
EndProject
Project("{FAE04EC0-301F-11D3-BF4B-00C04F79EFBC}") = "Callisto.Base.Module", "src\Callisto.Base.Module\Callisto.Base.Module.csproj", "{F70C2B4C-F65E-47FF-BCD8-9642E5D7883D}"
EndProject
Global
	GlobalSection(SolutionConfigurationPlatforms) = preSolution
		Debug|Any CPU = Debug|Any CPU
		Release|Any CPU = Release|Any CPU
	EndGlobalSection
	GlobalSection(ProjectConfigurationPlatforms) = postSolution
		{C700194A-3CDB-49A6-809E-AE163B2535BB}.Debug|Any CPU.ActiveCfg = Debug|Any CPU
		{C700194A-3CDB-49A6-809E-AE163B2535BB}.Debug|Any CPU.Build.0 = Debug|Any CPU
		{C700194A-3CDB-49A6-809E-AE163B2535BB}.Release|Any CPU.ActiveCfg = Release|Any CPU
		{C700194A-3CDB-49A6-809E-AE163B2535BB}.Release|Any CPU.Build.0 = Release|Any CPU
		{18EF8D6F-6BCD-4544-A1B0-72BCAC9396D5}.Debug|Any CPU.ActiveCfg = Debug|Any CPU
		{18EF8D6F-6BCD-4544-A1B0-72BCAC9396D5}.Debug|Any CPU.Build.0 = Debug|Any CPU
		{18EF8D6F-6BCD-4544-A1B0-72BCAC9396D5}.Release|Any CPU.ActiveCfg = Release|Any CPU
		{18EF8D6F-6BCD-4544-A1B0-72BCAC9396D5}.Release|Any CPU.Build.0 = Release|Any CPU
		{B6A70F8D-C31A-4F5A-B000-9083600FD585}.Debug|Any CPU.ActiveCfg = Debug|Any CPU
		{B6A70F8D-C31A-4F5A-B000-9083600FD585}.Debug|Any CPU.Build.0 = Debug|Any CPU
		{B6A70F8D-C31A-4F5A-B000-9083600FD585}.Release|Any CPU.ActiveCfg = Release|Any CPU
		{B6A70F8D-C31A-4F5A-B000-9083600FD585}.Release|Any CPU.Build.0 = Release|Any CPU
		{6CF55A69-2D52-4E58-AAC1-84EC629D5342}.Debug|Any CPU.ActiveCfg = Debug|Any CPU
		{6CF55A69-2D52-4E58-AAC1-84EC629D5342}.Debug|Any CPU.Build.0 = Debug|Any CPU
		{6CF55A69-2D52-4E58-AAC1-84EC629D5342}.Release|Any CPU.ActiveCfg = Release|Any CPU
		{6CF55A69-2D52-4E58-AAC1-84EC629D5342}.Release|Any CPU.Build.0 = Release|Any CPU
		{8F57DD66-FDBA-4BEC-8EA9-9503BA59679B}.Debug|Any CPU.ActiveCfg = Debug|Any CPU
		{8F57DD66-FDBA-4BEC-8EA9-9503BA59679B}.Debug|Any CPU.Build.0 = Debug|Any CPU
		{8F57DD66-FDBA-4BEC-8EA9-9503BA59679B}.Release|Any CPU.ActiveCfg = Release|Any CPU
		{8F57DD66-FDBA-4BEC-8EA9-9503BA59679B}.Release|Any CPU.Build.0 = Release|Any CPU
		{177DF827-8F6F-4DEB-99ED-BFECB889BAC5}.Debug|Any CPU.ActiveCfg = Debug|Any CPU
		{177DF827-8F6F-4DEB-99ED-BFECB889BAC5}.Debug|Any CPU.Build.0 = Debug|Any CPU
		{177DF827-8F6F-4DEB-99ED-BFECB889BAC5}.Debug|Any CPU.Deploy.0 = Debug|Any CPU
		{177DF827-8F6F-4DEB-99ED-BFECB889BAC5}.Release|Any CPU.ActiveCfg = Release|Any CPU
		{177DF827-8F6F-4DEB-99ED-BFECB889BAC5}.Release|Any CPU.Build.0 = Release|Any CPU
		{177DF827-8F6F-4DEB-99ED-BFECB889BAC5}.Release|Any CPU.Deploy.0 = Release|Any CPU
		{012A2DDA-CECA-40AE-898E-3BCEB919EF63}.Debug|Any CPU.ActiveCfg = Debug|Any CPU
		{012A2DDA-CECA-40AE-898E-3BCEB919EF63}.Debug|Any CPU.Build.0 = Debug|Any CPU
		{012A2DDA-CECA-40AE-898E-3BCEB919EF63}.Release|Any CPU.ActiveCfg = Release|Any CPU
		{012A2DDA-CECA-40AE-898E-3BCEB919EF63}.Release|Any CPU.Build.0 = Release|Any CPU
		{195DE404-86B5-4C2E-8347-FD395B50BF59}.Debug|Any CPU.ActiveCfg = Debug|Any CPU
		{195DE404-86B5-4C2E-8347-FD395B50BF59}.Debug|Any CPU.Build.0 = Debug|Any CPU
		{195DE404-86B5-4C2E-8347-FD395B50BF59}.Release|Any CPU.ActiveCfg = Release|Any CPU
		{195DE404-86B5-4C2E-8347-FD395B50BF59}.Release|Any CPU.Build.0 = Release|Any CPU
		{D9672CF0-7822-4395-AE4F-5F2BFB755B0F}.Debug|Any CPU.ActiveCfg = Debug|Any CPU
		{D9672CF0-7822-4395-AE4F-5F2BFB755B0F}.Debug|Any CPU.Build.0 = Debug|Any CPU
		{D9672CF0-7822-4395-AE4F-5F2BFB755B0F}.Release|Any CPU.ActiveCfg = Release|Any CPU
		{D9672CF0-7822-4395-AE4F-5F2BFB755B0F}.Release|Any CPU.Build.0 = Release|Any CPU
		{E3EAA41B-0DD3-47ED-A036-F9F0A000289D}.Debug|Any CPU.ActiveCfg = Debug|Any CPU
		{E3EAA41B-0DD3-47ED-A036-F9F0A000289D}.Debug|Any CPU.Build.0 = Debug|Any CPU
		{E3EAA41B-0DD3-47ED-A036-F9F0A000289D}.Release|Any CPU.ActiveCfg = Release|Any CPU
		{E3EAA41B-0DD3-47ED-A036-F9F0A000289D}.Release|Any CPU.Build.0 = Release|Any CPU
		{58473C32-A737-4206-AFE5-7FD60C543264}.Debug|Any CPU.ActiveCfg = Debug|Any CPU
		{58473C32-A737-4206-AFE5-7FD60C543264}.Debug|Any CPU.Build.0 = Debug|Any CPU
		{58473C32-A737-4206-AFE5-7FD60C543264}.Release|Any CPU.ActiveCfg = Release|Any CPU
		{58473C32-A737-4206-AFE5-7FD60C543264}.Release|Any CPU.Build.0 = Release|Any CPU
		{870913CF-38AD-4616-B4D4-B0FA7CFD0E8F}.Debug|Any CPU.ActiveCfg = Debug|Any CPU
		{870913CF-38AD-4616-B4D4-B0FA7CFD0E8F}.Debug|Any CPU.Build.0 = Debug|Any CPU
		{870913CF-38AD-4616-B4D4-B0FA7CFD0E8F}.Release|Any CPU.ActiveCfg = Release|Any CPU
		{870913CF-38AD-4616-B4D4-B0FA7CFD0E8F}.Release|Any CPU.Build.0 = Release|Any CPU
		{237C00C5-0BF1-4387-AC8F-94278E866A7B}.Debug|Any CPU.ActiveCfg = Debug|Any CPU
		{237C00C5-0BF1-4387-AC8F-94278E866A7B}.Debug|Any CPU.Build.0 = Debug|Any CPU
		{237C00C5-0BF1-4387-AC8F-94278E866A7B}.Release|Any CPU.ActiveCfg = Release|Any CPU
		{237C00C5-0BF1-4387-AC8F-94278E866A7B}.Release|Any CPU.Build.0 = Release|Any CPU
		{73AFBA16-ADF6-49E0-8BDD-5AE12A8A1925}.Debug|Any CPU.ActiveCfg = Debug|Any CPU
		{73AFBA16-ADF6-49E0-8BDD-5AE12A8A1925}.Debug|Any CPU.Build.0 = Debug|Any CPU
		{73AFBA16-ADF6-49E0-8BDD-5AE12A8A1925}.Release|Any CPU.ActiveCfg = Release|Any CPU
		{73AFBA16-ADF6-49E0-8BDD-5AE12A8A1925}.Release|Any CPU.Build.0 = Release|Any CPU
		{1FCC10C7-967A-4A5D-87B2-9E2A31E64D05}.Debug|Any CPU.ActiveCfg = Debug|Any CPU
		{1FCC10C7-967A-4A5D-87B2-9E2A31E64D05}.Debug|Any CPU.Build.0 = Debug|Any CPU
		{1FCC10C7-967A-4A5D-87B2-9E2A31E64D05}.Release|Any CPU.ActiveCfg = Release|Any CPU
		{1FCC10C7-967A-4A5D-87B2-9E2A31E64D05}.Release|Any CPU.Build.0 = Release|Any CPU
		{DDD42620-6C6D-49FB-BB4C-4E2AD5E8699B}.Debug|Any CPU.ActiveCfg = Debug|Any CPU
		{DDD42620-6C6D-49FB-BB4C-4E2AD5E8699B}.Debug|Any CPU.Build.0 = Debug|Any CPU
		{DDD42620-6C6D-49FB-BB4C-4E2AD5E8699B}.Release|Any CPU.ActiveCfg = Release|Any CPU
		{DDD42620-6C6D-49FB-BB4C-4E2AD5E8699B}.Release|Any CPU.Build.0 = Release|Any CPU
		{5429B817-9CD5-4AFF-8804-867D56A22039}.Debug|Any CPU.ActiveCfg = Debug|Any CPU
		{5429B817-9CD5-4AFF-8804-867D56A22039}.Debug|Any CPU.Build.0 = Debug|Any CPU
		{5429B817-9CD5-4AFF-8804-867D56A22039}.Release|Any CPU.ActiveCfg = Release|Any CPU
		{5429B817-9CD5-4AFF-8804-867D56A22039}.Release|Any CPU.Build.0 = Release|Any CPU
		{E5263FCC-0DDA-4251-BAE1-6A92AB66FEE6}.Debug|Any CPU.ActiveCfg = Debug|Any CPU
		{E5263FCC-0DDA-4251-BAE1-6A92AB66FEE6}.Debug|Any CPU.Build.0 = Debug|Any CPU
		{E5263FCC-0DDA-4251-BAE1-6A92AB66FEE6}.Release|Any CPU.ActiveCfg = Release|Any CPU
		{E5263FCC-0DDA-4251-BAE1-6A92AB66FEE6}.Release|Any CPU.Build.0 = Release|Any CPU
		{BBD27A57-E2F9-42C7-9397-AF92FD293A5B}.Debug|Any CPU.ActiveCfg = Debug|Any CPU
		{BBD27A57-E2F9-42C7-9397-AF92FD293A5B}.Debug|Any CPU.Build.0 = Debug|Any CPU
		{BBD27A57-E2F9-42C7-9397-AF92FD293A5B}.Release|Any CPU.ActiveCfg = Release|Any CPU
		{BBD27A57-E2F9-42C7-9397-AF92FD293A5B}.Release|Any CPU.Build.0 = Release|Any CPU
		{67238C85-E2E8-465C-9770-2DD86503F43E}.Debug|Any CPU.ActiveCfg = Debug|Any CPU
		{67238C85-E2E8-465C-9770-2DD86503F43E}.Debug|Any CPU.Build.0 = Debug|Any CPU
		{67238C85-E2E8-465C-9770-2DD86503F43E}.Release|Any CPU.ActiveCfg = Release|Any CPU
		{67238C85-E2E8-465C-9770-2DD86503F43E}.Release|Any CPU.Build.0 = Release|Any CPU
		{DC2493E6-539B-42E6-9576-92A9A475C269}.Debug|Any CPU.ActiveCfg = Debug|Any CPU
		{DC2493E6-539B-42E6-9576-92A9A475C269}.Debug|Any CPU.Build.0 = Debug|Any CPU
		{DC2493E6-539B-42E6-9576-92A9A475C269}.Release|Any CPU.ActiveCfg = Release|Any CPU
		{DC2493E6-539B-42E6-9576-92A9A475C269}.Release|Any CPU.Build.0 = Release|Any CPU
		{B2CA00E1-E358-4818-9D22-48D2205F6BD2}.Debug|Any CPU.ActiveCfg = Debug|Any CPU
		{B2CA00E1-E358-4818-9D22-48D2205F6BD2}.Debug|Any CPU.Build.0 = Debug|Any CPU
		{B2CA00E1-E358-4818-9D22-48D2205F6BD2}.Release|Any CPU.ActiveCfg = Release|Any CPU
		{B2CA00E1-E358-4818-9D22-48D2205F6BD2}.Release|Any CPU.Build.0 = Release|Any CPU
		{3D2ACEB7-9721-4E56-BC20-FC916EE51A27}.Debug|Any CPU.ActiveCfg = Debug|Any CPU
		{3D2ACEB7-9721-4E56-BC20-FC916EE51A27}.Debug|Any CPU.Build.0 = Debug|Any CPU
		{3D2ACEB7-9721-4E56-BC20-FC916EE51A27}.Release|Any CPU.ActiveCfg = Release|Any CPU
		{3D2ACEB7-9721-4E56-BC20-FC916EE51A27}.Release|Any CPU.Build.0 = Release|Any CPU
		{7280410F-1055-4328-A0D7-4B85EB8DA508}.Debug|Any CPU.ActiveCfg = Debug|Any CPU
		{7280410F-1055-4328-A0D7-4B85EB8DA508}.Debug|Any CPU.Build.0 = Debug|Any CPU
		{7280410F-1055-4328-A0D7-4B85EB8DA508}.Release|Any CPU.ActiveCfg = Release|Any CPU
		{7280410F-1055-4328-A0D7-4B85EB8DA508}.Release|Any CPU.Build.0 = Release|Any CPU
		{14157B81-07A4-411E-8550-DEDF18026931}.Debug|Any CPU.ActiveCfg = Debug|Any CPU
		{14157B81-07A4-411E-8550-DEDF18026931}.Debug|Any CPU.Build.0 = Debug|Any CPU
		{14157B81-07A4-411E-8550-DEDF18026931}.Release|Any CPU.ActiveCfg = Release|Any CPU
		{14157B81-07A4-411E-8550-DEDF18026931}.Release|Any CPU.Build.0 = Release|Any CPU
		{4243F140-66ED-43E9-8D68-11926F9CC03B}.Debug|Any CPU.ActiveCfg = Debug|Any CPU
		{4243F140-66ED-43E9-8D68-11926F9CC03B}.Debug|Any CPU.Build.0 = Debug|Any CPU
		{4243F140-66ED-43E9-8D68-11926F9CC03B}.Release|Any CPU.ActiveCfg = Release|Any CPU
		{4243F140-66ED-43E9-8D68-11926F9CC03B}.Release|Any CPU.Build.0 = Release|Any CPU
		{8619BF5C-8382-4135-80D2-7C2494638F4A}.Debug|Any CPU.ActiveCfg = Debug|Any CPU
		{8619BF5C-8382-4135-80D2-7C2494638F4A}.Debug|Any CPU.Build.0 = Debug|Any CPU
		{8619BF5C-8382-4135-80D2-7C2494638F4A}.Release|Any CPU.ActiveCfg = Release|Any CPU
		{8619BF5C-8382-4135-80D2-7C2494638F4A}.Release|Any CPU.Build.0 = Release|Any CPU
		{F70C2B4C-F65E-47FF-BCD8-9642E5D7883D}.Debug|Any CPU.ActiveCfg = Debug|Any CPU
		{F70C2B4C-F65E-47FF-BCD8-9642E5D7883D}.Debug|Any CPU.Build.0 = Debug|Any CPU
		{F70C2B4C-F65E-47FF-BCD8-9642E5D7883D}.Release|Any CPU.ActiveCfg = Release|Any CPU
		{F70C2B4C-F65E-47FF-BCD8-9642E5D7883D}.Release|Any CPU.Build.0 = Release|Any CPU
	EndGlobalSection
	GlobalSection(SolutionProperties) = preSolution
		HideSolutionNode = FALSE
	EndGlobalSection
	GlobalSection(NestedProjects) = preSolution
		{C700194A-3CDB-49A6-809E-AE163B2535BB} = {7B018937-BAF3-4CB3-A1B2-CDE63C59F7D2}
		{18EF8D6F-6BCD-4544-A1B0-72BCAC9396D5} = {7B018937-BAF3-4CB3-A1B2-CDE63C59F7D2}
		{79213B24-96E3-4418-8156-084EB2C26CEA} = {DB6DF6C1-8B4F-4724-A0F5-3596A8907DD1}
		{B6A70F8D-C31A-4F5A-B000-9083600FD585} = {612F313E-93E1-47CE-B379-A48CCDA1CD1A}
		{6CF55A69-2D52-4E58-AAC1-84EC629D5342} = {612F313E-93E1-47CE-B379-A48CCDA1CD1A}
		{8F57DD66-FDBA-4BEC-8EA9-9503BA59679B} = {612F313E-93E1-47CE-B379-A48CCDA1CD1A}
		{9BE0DB29-174C-407B-84CB-FDF0648368FE} = {DB6DF6C1-8B4F-4724-A0F5-3596A8907DD1}
		{CE4D0320-1A14-4C76-A885-17347F3D21DC} = {DB6DF6C1-8B4F-4724-A0F5-3596A8907DD1}
		{177DF827-8F6F-4DEB-99ED-BFECB889BAC5} = {A2D8E6E7-4F6A-4A1C-A4F9-1096F7083EEE}
		{53A8776E-3910-4434-B7C4-4A6967A99F08} = {612F313E-93E1-47CE-B379-A48CCDA1CD1A}
		{7B018937-BAF3-4CB3-A1B2-CDE63C59F7D2} = {612F313E-93E1-47CE-B379-A48CCDA1CD1A}
		{012A2DDA-CECA-40AE-898E-3BCEB919EF63} = {53A8776E-3910-4434-B7C4-4A6967A99F08}
		{B163B4D0-DD97-485B-A9B9-EDBD8C8C0F1E} = {612F313E-93E1-47CE-B379-A48CCDA1CD1A}
		{195DE404-86B5-4C2E-8347-FD395B50BF59} = {B163B4D0-DD97-485B-A9B9-EDBD8C8C0F1E}
		{D9672CF0-7822-4395-AE4F-5F2BFB755B0F} = {53A8776E-3910-4434-B7C4-4A6967A99F08}
		{999E5DE8-CBD6-4DC5-A977-DC2DFCC2780F} = {612F313E-93E1-47CE-B379-A48CCDA1CD1A}
		{A4041820-19D0-444E-B788-B3B3B807D779} = {DB6DF6C1-8B4F-4724-A0F5-3596A8907DD1}
		{85D5A851-327C-4E27-80AA-0A8AEA6012A2} = {DB6DF6C1-8B4F-4724-A0F5-3596A8907DD1}
		{E3EAA41B-0DD3-47ED-A036-F9F0A000289D} = {999E5DE8-CBD6-4DC5-A977-DC2DFCC2780F}
		{58473C32-A737-4206-AFE5-7FD60C543264} = {7B018937-BAF3-4CB3-A1B2-CDE63C59F7D2}
		{870913CF-38AD-4616-B4D4-B0FA7CFD0E8F} = {999E5DE8-CBD6-4DC5-A977-DC2DFCC2780F}
		{1445759F-F6A9-405A-8BC7-0611EA9B430F} = {DB6DF6C1-8B4F-4724-A0F5-3596A8907DD1}
		{237C00C5-0BF1-4387-AC8F-94278E866A7B} = {7B018937-BAF3-4CB3-A1B2-CDE63C59F7D2}
		{F9C19E94-E52D-480B-B812-EA417A3F8D34} = {612F313E-93E1-47CE-B379-A48CCDA1CD1A}
		{73AFBA16-ADF6-49E0-8BDD-5AE12A8A1925} = {7B018937-BAF3-4CB3-A1B2-CDE63C59F7D2}
		{A2D8E6E7-4F6A-4A1C-A4F9-1096F7083EEE} = {612F313E-93E1-47CE-B379-A48CCDA1CD1A}
		{1FCC10C7-967A-4A5D-87B2-9E2A31E64D05} = {999E5DE8-CBD6-4DC5-A977-DC2DFCC2780F}
		{2F5A1995-89EF-444C-809C-7F6F754827C9} = {DB6DF6C1-8B4F-4724-A0F5-3596A8907DD1}
		{33542560-9078-4579-9EE7-29EA9DE72396} = {DB6DF6C1-8B4F-4724-A0F5-3596A8907DD1}
		{ED6D02C1-32C1-49CD-BE01-F94FE852A571} = {DB6DF6C1-8B4F-4724-A0F5-3596A8907DD1}
		{DDD42620-6C6D-49FB-BB4C-4E2AD5E8699B} = {612F313E-93E1-47CE-B379-A48CCDA1CD1A}
		{7C33DDD0-B455-42C1-B044-9999D1278B58} = {DB6DF6C1-8B4F-4724-A0F5-3596A8907DD1}
		{5429B817-9CD5-4AFF-8804-867D56A22039} = {7B018937-BAF3-4CB3-A1B2-CDE63C59F7D2}
		{E5263FCC-0DDA-4251-BAE1-6A92AB66FEE6} = {7B018937-BAF3-4CB3-A1B2-CDE63C59F7D2}
		{BBD27A57-E2F9-42C7-9397-AF92FD293A5B} = {7B018937-BAF3-4CB3-A1B2-CDE63C59F7D2}
		{67238C85-E2E8-465C-9770-2DD86503F43E} = {F9C19E94-E52D-480B-B812-EA417A3F8D34}
		{DC2493E6-539B-42E6-9576-92A9A475C269} = {7F1E2E52-F101-4E51-B707-B833323895ED}
		{B2CA00E1-E358-4818-9D22-48D2205F6BD2} = {7F1E2E52-F101-4E51-B707-B833323895ED}
		{A63556CB-C9A4-4434-BC2E-087FCE277749} = {7F1E2E52-F101-4E51-B707-B833323895ED}
		{3D2ACEB7-9721-4E56-BC20-FC916EE51A27} = {A63556CB-C9A4-4434-BC2E-087FCE277749}
		{7280410F-1055-4328-A0D7-4B85EB8DA508} = {7F1E2E52-F101-4E51-B707-B833323895ED}
		{14157B81-07A4-411E-8550-DEDF18026931} = {7F1E2E52-F101-4E51-B707-B833323895ED}
		{4243F140-66ED-43E9-8D68-11926F9CC03B} = {7F1E2E52-F101-4E51-B707-B833323895ED}
		{8619BF5C-8382-4135-80D2-7C2494638F4A} = {7F1E2E52-F101-4E51-B707-B833323895ED}
		{F70C2B4C-F65E-47FF-BCD8-9642E5D7883D} = {F9C19E94-E52D-480B-B812-EA417A3F8D34}
	EndGlobalSection
	GlobalSection(ExtensibilityGlobals) = postSolution
		SolutionGuid = {7D72B95D-21CC-4741-84CA-F849B7155ECE}
		LessCompiler = f9e8745a-99f4-4453-b568-995bc3806139
	EndGlobalSection
EndGlobal
