
Microsoft Visual Studio Solution File, Format Version 12.00
# Visual Studio 15
VisualStudioVersion = 15.0.27130.2026
MinimumVisualStudioVersion = 10.0.40219.1
Project("{2150E333-8FDC-42A3-9474-1A3956D46DE8}") = "src", "src", "{612F313E-93E1-47CE-B379-A48CCDA1CD1A}"
EndProject
Project("{2150E333-8FDC-42A3-9474-1A3956D46DE8}") = "build", "build", "{732D33CA-BB05-41F7-8517-4D838AE1BA3C}"
	ProjectSection(SolutionItems) = preProject
		build\build.ps1 = build\build.ps1
		build\run.ps1 = build\run.ps1
		build\stop.ps1 = build\stop.ps1
	EndProjectSection
EndProject
Project("{2150E333-8FDC-42A3-9474-1A3956D46DE8}") = "test", "test", "{7F1E2E52-F101-4E51-B707-B833323895ED}"
EndProject
Project("{9A19103F-16F7-4668-BE54-9A1E7A4F7556}") = "Callisto.Module.Authentication", "src\Callisto.Module.Authentication\Callisto.Module.Authentication.csproj", "{C700194A-3CDB-49A6-809E-AE163B2535BB}"
EndProject
Project("{9A19103F-16F7-4668-BE54-9A1E7A4F7556}") = "Callisto.Module.Notification", "src\Callisto.Module.Notification\Callisto.Module.Notification.csproj", "{18EF8D6F-6BCD-4544-A1B0-72BCAC9396D5}"
EndProject
Project("{2150E333-8FDC-42A3-9474-1A3956D46DE8}") = "docker", "docker", "{DB6DF6C1-8B4F-4724-A0F5-3596A8907DD1}"
EndProject
Project("{2150E333-8FDC-42A3-9474-1A3956D46DE8}") = "nginx", "nginx", "{79213B24-96E3-4418-8156-084EB2C26CEA}"
	ProjectSection(SolutionItems) = preProject
		docker\nginx\dockerfile = docker\nginx\dockerfile
		docker\nginx\nginx.conf = docker\nginx\nginx.conf
	EndProjectSection
EndProject
Project("{9A19103F-16F7-4668-BE54-9A1E7A4F7556}") = "Callisto.Web.Landing", "src\Callisto.Web.Landing\Callisto.Web.Landing.csproj", "{B6A70F8D-C31A-4F5A-B000-9083600FD585}"
EndProject
Project("{2150E333-8FDC-42A3-9474-1A3956D46DE8}") = "solution", "solution", "{144CB443-813C-4B48-A3F2-DB3C537A3DD8}"
	ProjectSection(SolutionItems) = preProject
		.dockerignore = .dockerignore
		.gitignore = .gitignore
		docker-compose.override.yml = docker-compose.override.yml
		docker-compose.yml = docker-compose.yml
		README.md = README.md
	EndProjectSection
EndProject
Project("{9A19103F-16F7-4668-BE54-9A1E7A4F7556}") = "Callisto.Web.Api", "src\Callisto.Web.Api\Callisto.Web.Api.csproj", "{6CF55A69-2D52-4E58-AAC1-84EC629D5342}"
EndProject
Project("{9A19103F-16F7-4668-BE54-9A1E7A4F7556}") = "Callisto.Web.App", "src\Callisto.Web.App\Callisto.Web.App.csproj", "{8F57DD66-FDBA-4BEC-8EA9-9503BA59679B}"
EndProject
Project("{2150E333-8FDC-42A3-9474-1A3956D46DE8}") = "sql", "sql", "{9BE0DB29-174C-407B-84CB-FDF0648368FE}"
	ProjectSection(SolutionItems) = preProject
		docker\sql\dockerfile = docker\sql\dockerfile
		docker\sql\setup.sql = docker\sql\setup.sql
	EndProjectSection
EndProject
Project("{2150E333-8FDC-42A3-9474-1A3956D46DE8}") = "rabbitmq", "rabbitmq", "{CE4D0320-1A14-4C76-A885-17347F3D21DC}"
	ProjectSection(SolutionItems) = preProject
		docker\rabbitmq\dockerfile = docker\rabbitmq\dockerfile
		docker\rabbitmq\rabbitmq.config = docker\rabbitmq\rabbitmq.config
	EndProjectSection
EndProject
Project("{00D1A9C2-B5F0-4AF3-8072-F6C62B433612}") = "Callisto.Database", "src\Callisto.Database\Callisto.Database.sqlproj", "{177DF827-8F6F-4DEB-99ED-BFECB889BAC5}"
EndProject
Global
	GlobalSection(SolutionConfigurationPlatforms) = preSolution
		Debug|Any CPU = Debug|Any CPU
		Release|Any CPU = Release|Any CPU
	EndGlobalSection
	GlobalSection(ProjectConfigurationPlatforms) = postSolution
		{C700194A-3CDB-49A6-809E-AE163B2535BB}.Debug|Any CPU.ActiveCfg = Debug|Any CPU
		{C700194A-3CDB-49A6-809E-AE163B2535BB}.Debug|Any CPU.Build.0 = Debug|Any CPU
		{C700194A-3CDB-49A6-809E-AE163B2535BB}.Release|Any CPU.ActiveCfg = Release|Any CPU
		{C700194A-3CDB-49A6-809E-AE163B2535BB}.Release|Any CPU.Build.0 = Release|Any CPU
		{18EF8D6F-6BCD-4544-A1B0-72BCAC9396D5}.Debug|Any CPU.ActiveCfg = Debug|Any CPU
		{18EF8D6F-6BCD-4544-A1B0-72BCAC9396D5}.Debug|Any CPU.Build.0 = Debug|Any CPU
		{18EF8D6F-6BCD-4544-A1B0-72BCAC9396D5}.Release|Any CPU.ActiveCfg = Release|Any CPU
		{18EF8D6F-6BCD-4544-A1B0-72BCAC9396D5}.Release|Any CPU.Build.0 = Release|Any CPU
		{B6A70F8D-C31A-4F5A-B000-9083600FD585}.Debug|Any CPU.ActiveCfg = Debug|Any CPU
		{B6A70F8D-C31A-4F5A-B000-9083600FD585}.Debug|Any CPU.Build.0 = Debug|Any CPU
		{B6A70F8D-C31A-4F5A-B000-9083600FD585}.Release|Any CPU.ActiveCfg = Release|Any CPU
		{B6A70F8D-C31A-4F5A-B000-9083600FD585}.Release|Any CPU.Build.0 = Release|Any CPU
		{6CF55A69-2D52-4E58-AAC1-84EC629D5342}.Debug|Any CPU.ActiveCfg = Debug|Any CPU
		{6CF55A69-2D52-4E58-AAC1-84EC629D5342}.Debug|Any CPU.Build.0 = Debug|Any CPU
		{6CF55A69-2D52-4E58-AAC1-84EC629D5342}.Release|Any CPU.ActiveCfg = Release|Any CPU
		{6CF55A69-2D52-4E58-AAC1-84EC629D5342}.Release|Any CPU.Build.0 = Release|Any CPU
		{8F57DD66-FDBA-4BEC-8EA9-9503BA59679B}.Debug|Any CPU.ActiveCfg = Debug|Any CPU
		{8F57DD66-FDBA-4BEC-8EA9-9503BA59679B}.Debug|Any CPU.Build.0 = Debug|Any CPU
		{8F57DD66-FDBA-4BEC-8EA9-9503BA59679B}.Release|Any CPU.ActiveCfg = Release|Any CPU
		{8F57DD66-FDBA-4BEC-8EA9-9503BA59679B}.Release|Any CPU.Build.0 = Release|Any CPU
		{177DF827-8F6F-4DEB-99ED-BFECB889BAC5}.Debug|Any CPU.ActiveCfg = Debug|Any CPU
		{177DF827-8F6F-4DEB-99ED-BFECB889BAC5}.Debug|Any CPU.Build.0 = Debug|Any CPU
		{177DF827-8F6F-4DEB-99ED-BFECB889BAC5}.Debug|Any CPU.Deploy.0 = Debug|Any CPU
		{177DF827-8F6F-4DEB-99ED-BFECB889BAC5}.Release|Any CPU.ActiveCfg = Release|Any CPU
		{177DF827-8F6F-4DEB-99ED-BFECB889BAC5}.Release|Any CPU.Build.0 = Release|Any CPU
		{177DF827-8F6F-4DEB-99ED-BFECB889BAC5}.Release|Any CPU.Deploy.0 = Release|Any CPU
	EndGlobalSection
	GlobalSection(SolutionProperties) = preSolution
		HideSolutionNode = FALSE
	EndGlobalSection
	GlobalSection(NestedProjects) = preSolution
		{C700194A-3CDB-49A6-809E-AE163B2535BB} = {612F313E-93E1-47CE-B379-A48CCDA1CD1A}
		{18EF8D6F-6BCD-4544-A1B0-72BCAC9396D5} = {612F313E-93E1-47CE-B379-A48CCDA1CD1A}
		{79213B24-96E3-4418-8156-084EB2C26CEA} = {DB6DF6C1-8B4F-4724-A0F5-3596A8907DD1}
		{B6A70F8D-C31A-4F5A-B000-9083600FD585} = {612F313E-93E1-47CE-B379-A48CCDA1CD1A}
		{6CF55A69-2D52-4E58-AAC1-84EC629D5342} = {612F313E-93E1-47CE-B379-A48CCDA1CD1A}
		{8F57DD66-FDBA-4BEC-8EA9-9503BA59679B} = {612F313E-93E1-47CE-B379-A48CCDA1CD1A}
		{9BE0DB29-174C-407B-84CB-FDF0648368FE} = {DB6DF6C1-8B4F-4724-A0F5-3596A8907DD1}
		{CE4D0320-1A14-4C76-A885-17347F3D21DC} = {DB6DF6C1-8B4F-4724-A0F5-3596A8907DD1}
		{177DF827-8F6F-4DEB-99ED-BFECB889BAC5} = {612F313E-93E1-47CE-B379-A48CCDA1CD1A}
	EndGlobalSection
	GlobalSection(ExtensibilityGlobals) = postSolution
		LessCompiler = f9e8745a-99f4-4453-b568-995bc3806139
		SolutionGuid = {7D72B95D-21CC-4741-84CA-F849B7155ECE}
	EndGlobalSection
EndGlobal
