{
  "requires": true,
  "lockfileVersion": 1,
  "dependencies": {
    "bootstrap": {
      "version": "3.3.7",
      "resolved": "https://registry.npmjs.org/bootstrap/-/bootstrap-3.3.7.tgz",
      "integrity": "sha1-WjiTlFSfIzMIdaOxUGVldPip63E="
    },
    "callisto-landing": {
      "version": "file:src/Callisto.Web.Landing/bin/Release/netcoreapp2.0/publish/wwwroot",
      "requires": {
        "bootstrap": "3.3.7",
        "font-awesome": "4.7.0",
        "jquery": "3.3.1",
        "pace-js": "1.0.2"
      },
      "dependencies": {
        "bootstrap": {
          "version": "3.3.7",
          "bundled": true
        },
        "font-awesome": {
          "version": "4.7.0",
          "bundled": true
        },
        "jquery": {
          "version": "3.3.1",
          "bundled": true
        },
        "pace-js": {
          "version": "1.0.2",
          "bundled": true
        }
      }
    },
    "font-awesome": {
      "version": "4.7.0",
      "resolved": "https://registry.npmjs.org/font-awesome/-/font-awesome-4.7.0.tgz",
      "integrity": "sha1-j6jPBBGhoxr9B7BtKQK7n8gVoTM="
    },
    "jquery": {
      "version": "3.3.1",
      "resolved": "https://registry.npmjs.org/jquery/-/jquery-3.3.1.tgz",
      "integrity": "sha512-Ubldcmxp5np52/ENotGxlLe6aGMvmF4R8S6tZjsP6Knsaxd/xp3Zrh50cG93lR6nPXyUFwzN3ZSOQI0wRJNdGg=="
    },
    "pace-js": {
      "version": "1.0.2",
      "resolved": "https://registry.npmjs.org/pace-js/-/pace-js-1.0.2.tgz",
      "integrity": "sha1-Zzpxf4M8y09DFVMbde5HiDdmAPc="
    }
  }
}
